
Microsoft Visual Studio Solution File, Format Version 12.00
# Visual Studio Version 17
VisualStudioVersion = 17.1.32421.90
MinimumVisualStudioVersion = 10.0.40219.1
Project("{FAE04EC0-301F-11D3-BF4B-00C04F79EFBC}") = "Library", "Library\Library.csproj", "{7FC31D81-07EE-4262-9D0F-4DE8449AF885}"
EndProject
Project("{FAE04EC0-301F-11D3-BF4B-00C04F79EFBC}") = "Library.Tests.Unit", "Library.Tests.Unit\Library.Tests.Unit.csproj", "{4EAC92B6-E57A-42EE-9B87-87086D4AA62D}"
EndProject
Global
	GlobalSection(SolutionConfigurationPlatforms) = preSolution
		Debug|Any CPU = Debug|Any CPU
		Release|Any CPU = Release|Any CPU
	EndGlobalSection
	GlobalSection(ProjectConfigurationPlatforms) = postSolution
		{7FC31D81-07EE-4262-9D0F-4DE8449AF885}.Debug|Any CPU.ActiveCfg = Debug|Any CPU
		{7FC31D81-07EE-4262-9D0F-4DE8449AF885}.Debug|Any CPU.Build.0 = Debug|Any CPU
		{7FC31D81-07EE-4262-9D0F-4DE8449AF885}.Release|Any CPU.ActiveCfg = Release|Any CPU
		{7FC31D81-07EE-4262-9D0F-4DE8449AF885}.Release|Any CPU.Build.0 = Release|Any CPU
		{4EAC92B6-E57A-42EE-9B87-87086D4AA62D}.Debug|Any CPU.ActiveCfg = Debug|Any CPU
		{4EAC92B6-E57A-42EE-9B87-87086D4AA62D}.Debug|Any CPU.Build.0 = Debug|Any CPU
		{4EAC92B6-E57A-42EE-9B87-87086D4AA62D}.Release|Any CPU.ActiveCfg = Release|Any CPU
		{4EAC92B6-E57A-42EE-9B87-87086D4AA62D}.Release|Any CPU.Build.0 = Release|Any CPU
	EndGlobalSection
	GlobalSection(SolutionProperties) = preSolution
		HideSolutionNode = FALSE
	EndGlobalSection
	GlobalSection(ExtensibilityGlobals) = postSolution
		SolutionGuid = {16EDE72C-3EC8-4A3E-83F0-3DA6B2FB78A3}
	EndGlobalSection
EndGlobal
